
Microsoft Visual Studio Solution File, Format Version 12.00
# Visual Studio Version 17
VisualStudioVersion = 17.7.34024.191
MinimumVisualStudioVersion = 10.0.40219.1
Project("{FAE04EC0-301F-11D3-BF4B-00C04F79EFBC}") = "ExcelIslem", "ExcelIslem\ExcelIslem.csproj", "{4870D6D5-D8FE-405C-974D-1FBB7E457F84}"
EndProject
Global
	GlobalSection(SolutionConfigurationPlatforms) = preSolution
		Debug|Any CPU = Debug|Any CPU
		Release|Any CPU = Release|Any CPU
	EndGlobalSection
	GlobalSection(ProjectConfigurationPlatforms) = postSolution
		{4870D6D5-D8FE-405C-974D-1FBB7E457F84}.Debug|Any CPU.ActiveCfg = Debug|Any CPU
		{4870D6D5-D8FE-405C-974D-1FBB7E457F84}.Debug|Any CPU.Build.0 = Debug|Any CPU
		{4870D6D5-D8FE-405C-974D-1FBB7E457F84}.Release|Any CPU.ActiveCfg = Release|Any CPU
		{4870D6D5-D8FE-405C-974D-1FBB7E457F84}.Release|Any CPU.Build.0 = Release|Any CPU
	EndGlobalSection
	GlobalSection(SolutionProperties) = preSolution
		HideSolutionNode = FALSE
	EndGlobalSection
	GlobalSection(ExtensibilityGlobals) = postSolution
		SolutionGuid = {7D57E099-C5CB-4887-9A33-5F1E2EC7802B}
	EndGlobalSection
EndGlobal
